
Microsoft Visual Studio Solution File, Format Version 12.00
# Visual Studio Version 17
VisualStudioVersion = 17.9.34607.119
MinimumVisualStudioVersion = 10.0.40219.1
Project("{2150E333-8FDC-42A3-9474-1A3956D46DE8}") = ".root", ".root", "{09FC18CE-DA42-4009-91B1-B541A826FDBE}"
	ProjectSection(SolutionItems) = preProject
		.editorconfig = .editorconfig
		.gitignore = .gitignore
		Directory.Build.props = Directory.Build.props
		Directory.Build.targets = Directory.Build.targets
		License = License
		NuGet.config = NuGet.config
		ReadMe.md = ReadMe.md
		StrongName.Development.snk = StrongName.Development.snk
	EndProjectSection
EndProject
Project("{2150E333-8FDC-42A3-9474-1A3956D46DE8}") = "Tests", "Tests", "{86A226E7-87DA-40A3-8F54-DA52DAD95248}"
	ProjectSection(SolutionItems) = preProject
		Tests\.editorconfig = Tests\.editorconfig
		Tests\Directory.Build.props = Tests\Directory.Build.props
		Tests\Directory.Build.targets = Tests\Directory.Build.targets
	EndProjectSection
EndProject
Project("{2150E333-8FDC-42A3-9474-1A3956D46DE8}") = "Source", "Source", "{CD4B4794-F4D4-42E1-A136-DA01C4F0073A}"
EndProject
Project("{9A19103F-16F7-4668-BE54-9A1E7A4F7556}") = "Project", "Source\Project\Project.csproj", "{80B4977C-AE14-4DCA-BCA3-B496CEF329F2}"
EndProject
Project("{9A19103F-16F7-4668-BE54-9A1E7A4F7556}") = "Integration-tests", "Tests\Integration-tests\Integration-tests.csproj", "{CFD638BA-A030-4720-A1C7-A07B54EBF6EC}"
EndProject
Project("{9A19103F-16F7-4668-BE54-9A1E7A4F7556}") = "Unit-tests", "Tests\Unit-tests\Unit-tests.csproj", "{24578C7C-D213-4C9D-A67C-375A7D5BB7C0}"
EndProject
Global
	GlobalSection(SolutionConfigurationPlatforms) = preSolution
		Debug|Any CPU = Debug|Any CPU
		Release|Any CPU = Release|Any CPU
	EndGlobalSection
	GlobalSection(ProjectConfigurationPlatforms) = postSolution
		{80B4977C-AE14-4DCA-BCA3-B496CEF329F2}.Debug|Any CPU.ActiveCfg = Debug|Any CPU
		{80B4977C-AE14-4DCA-BCA3-B496CEF329F2}.Debug|Any CPU.Build.0 = Debug|Any CPU
		{80B4977C-AE14-4DCA-BCA3-B496CEF329F2}.Release|Any CPU.ActiveCfg = Release|Any CPU
		{80B4977C-AE14-4DCA-BCA3-B496CEF329F2}.Release|Any CPU.Build.0 = Release|Any CPU
		{CFD638BA-A030-4720-A1C7-A07B54EBF6EC}.Debug|Any CPU.ActiveCfg = Debug|Any CPU
		{CFD638BA-A030-4720-A1C7-A07B54EBF6EC}.Debug|Any CPU.Build.0 = Debug|Any CPU
		{CFD638BA-A030-4720-A1C7-A07B54EBF6EC}.Release|Any CPU.ActiveCfg = Release|Any CPU
		{CFD638BA-A030-4720-A1C7-A07B54EBF6EC}.Release|Any CPU.Build.0 = Release|Any CPU
		{24578C7C-D213-4C9D-A67C-375A7D5BB7C0}.Debug|Any CPU.ActiveCfg = Debug|Any CPU
		{24578C7C-D213-4C9D-A67C-375A7D5BB7C0}.Debug|Any CPU.Build.0 = Debug|Any CPU
		{24578C7C-D213-4C9D-A67C-375A7D5BB7C0}.Release|Any CPU.ActiveCfg = Release|Any CPU
		{24578C7C-D213-4C9D-A67C-375A7D5BB7C0}.Release|Any CPU.Build.0 = Release|Any CPU
	EndGlobalSection
	GlobalSection(SolutionProperties) = preSolution
		HideSolutionNode = FALSE
	EndGlobalSection
	GlobalSection(NestedProjects) = preSolution
		{80B4977C-AE14-4DCA-BCA3-B496CEF329F2} = {CD4B4794-F4D4-42E1-A136-DA01C4F0073A}
		{CFD638BA-A030-4720-A1C7-A07B54EBF6EC} = {86A226E7-87DA-40A3-8F54-DA52DAD95248}
		{24578C7C-D213-4C9D-A67C-375A7D5BB7C0} = {86A226E7-87DA-40A3-8F54-DA52DAD95248}
	EndGlobalSection
	GlobalSection(ExtensibilityGlobals) = postSolution
		SolutionGuid = {5C040DE8-0848-429C-8027-B5613F8441FD}
	EndGlobalSection
EndGlobal
